<?xml version="1.0" encoding="UTF-8" standalone="yes" ?>
<CodeBlocks_project_file>
	<FileVersion major="1" minor="6" />
	<Project>
		<Option title="icdr" />
		<Option makefile="makefile" />
		<Option pch_mode="2" />
		<Option compiler="gcc" />
		<Build>
			<Target title="Debug">
				<Option output="bin/Debug/icdr" prefix_auto="1" extension_auto="1" />
				<Option object_output="obj/Debug/" />
				<Option type="1" />
				<Option compiler="gcc" />
				<Compiler>
					<Add option="-g" />
					<Add directory="./" />
					<Add directory="src/" />
					<Add directory="src" />
				</Compiler>
				<Linker>
					<Add library="pthread" />
				</Linker>
			</Target>
			<Target title="Release">
				<Option output="bin/Release/icdr" prefix_auto="1" extension_auto="1" />
				<Option object_output="obj/Release/" />
				<Option type="1" />
				<Option compiler="gcc" />
				<Compiler>
					<Add option="-O3" />
					<Add directory="./" />
					<Add directory="src/" />
					<Add directory="src" />
				</Compiler>
				<Linker>
					<Add option="-s" />
					<Add library="pthread" />
				</Linker>
			</Target>
		</Build>
		<Compiler>
			<Add option="-Wall" />
		</Compiler>
		<Unit filename="fullyWorkingExampleByChatGPT.cpp">
			<Option target="&lt;{~None~}&gt;" />
		</Unit>
		<Unit filename="icdr.cpp">
			<Option target="&lt;{~None~}&gt;" />
		</Unit>
		<Unit filename="icdr_exposed_dll.cpp">
			<Option target="&lt;{~None~}&gt;" />
		</Unit>
		<Unit filename="icdr_exposed_gnu.cpp">
			<Option target="&lt;{~None~}&gt;" />
		</Unit>
		<Unit filename="src/BitVector.cpp">
			<Option target="&lt;{~None~}&gt;" />
		</Unit>
		<Unit filename="src/BitVector.h">
			<Option target="&lt;{~None~}&gt;" />
		</Unit>
		<Unit filename="src/Entities.cpp">
			<Option target="&lt;{~None~}&gt;" />
		</Unit>
		<Unit filename="src/Entities.h">
			<Option target="&lt;{~None~}&gt;" />
		</Unit>
		<Unit filename="src/Entity.cpp">
			<Option target="&lt;{~None~}&gt;" />
		</Unit>
		<Unit filename="src/Entity.h">
			<Option target="&lt;{~None~}&gt;" />
		</Unit>
		<Unit filename="src/InputData.cpp">
			<Option target="&lt;{~None~}&gt;" />
		</Unit>
		<Unit filename="src/InputData.h">
			<Option target="&lt;{~None~}&gt;" />
		</Unit>
		<Unit filename="src/InputParams.cpp">
			<Option target="&lt;{~None~}&gt;" />
		</Unit>
		<Unit filename="src/InputParams.h">
			<Option target="&lt;{~None~}&gt;" />
		</Unit>
		<Unit filename="src/InvertedList.cpp">
			<Option target="&lt;{~None~}&gt;" />
		</Unit>
		<Unit filename="src/InvertedList.h">
			<Option target="&lt;{~None~}&gt;" />
		</Unit>
		<Unit filename="src/InvertedListIterator.cpp">
			<Option target="&lt;{~None~}&gt;" />
		</Unit>
		<Unit filename="src/InvertedListIterator.h">
			<Option target="&lt;{~None~}&gt;" />
		</Unit>
		<Unit filename="src/Lexicon.cpp">
			<Option target="&lt;{~None~}&gt;" />
		</Unit>
		<Unit filename="src/Lexicon.h">
			<Option target="&lt;{~None~}&gt;" />
		</Unit>
		<Unit filename="src/MaxHeap.cpp">
			<Option target="&lt;{~None~}&gt;" />
		</Unit>
		<Unit filename="src/MaxHeap.h">
			<Option target="&lt;{~None~}&gt;" />
		</Unit>
		<Unit filename="src/Query.cpp">
			<Option target="&lt;{~None~}&gt;" />
		</Unit>
		<Unit filename="src/Query.h">
			<Option target="&lt;{~None~}&gt;" />
		</Unit>
		<Unit filename="src/QueryWord.cpp">
			<Option target="&lt;{~None~}&gt;" />
		</Unit>
		<Unit filename="src/QueryWord.h">
			<Option target="&lt;{~None~}&gt;" />
		</Unit>
		<Unit filename="src/Record.cpp">
			<Option target="&lt;{~None~}&gt;" />
		</Unit>
		<Unit filename="src/Record.h">
			<Option target="&lt;{~None~}&gt;" />
		</Unit>
		<Unit filename="src/Records.cpp">
			<Option target="&lt;{~None~}&gt;" />
		</Unit>
		<Unit filename="src/Records.h">
			<Option target="&lt;{~None~}&gt;" />
		</Unit>
		<Unit filename="src/Result.cpp">
			<Option target="&lt;{~None~}&gt;" />
		</Unit>
		<Unit filename="src/Result.h">
			<Option target="&lt;{~None~}&gt;" />
		</Unit>
		<Unit filename="src/SocketConfig.h">
			<Option target="&lt;{~None~}&gt;" />
		</Unit>
		<Unit filename="src/Sockets.h">
			<Option target="&lt;{~None~}&gt;" />
		</Unit>
		<Unit filename="src/Word.cpp">
			<Option target="&lt;{~None~}&gt;" />
		</Unit>
		<Unit filename="src/Word.h">
			<Option target="&lt;{~None~}&gt;" />
		</Unit>
		<Unit filename="src/include/GVInt2.h">
			<Option target="&lt;{~None~}&gt;" />
		</Unit>
		<Unit filename="src/include/GVint.h">
			<Option target="&lt;{~None~}&gt;" />
		</Unit>
		<Unit filename="src/include/coding.h">
			<Option target="&lt;{~None~}&gt;" />
		</Unit>
		<Unit filename="src/include/coding_2.h">
			<Option target="&lt;{~None~}&gt;" />
		</Unit>
		<Unit filename="src/include/coding_factory.cpp">
			<Option target="&lt;{~None~}&gt;" />
		</Unit>
		<Unit filename="src/include/coding_factory.h">
			<Option target="&lt;{~None~}&gt;" />
		</Unit>
		<Unit filename="src/include/coding_factory_2.h">
			<Option target="&lt;{~None~}&gt;" />
		</Unit>
		<Unit filename="src/include/compression.cpp">
			<Option target="&lt;{~None~}&gt;" />
		</Unit>
		<Unit filename="src/include/gvint_coding.h">
			<Option target="&lt;{~None~}&gt;" />
		</Unit>
		<Unit filename="src/include/pfor_coding.cpp">
			<Option target="&lt;{~None~}&gt;" />
		</Unit>
		<Unit filename="src/include/pfor_coding.h">
			<Option target="&lt;{~None~}&gt;" />
		</Unit>
		<Unit filename="src/include/pfor_coding_2.h">
			<Option target="&lt;{~None~}&gt;" />
		</Unit>
		<Unit filename="src/include/rice_coding.h">
			<Option target="&lt;{~None~}&gt;" />
		</Unit>
		<Unit filename="src/include/rice_coding2.h">
			<Option target="&lt;{~None~}&gt;" />
		</Unit>
		<Unit filename="src/include/s16_coding.h">
			<Option target="&lt;{~None~}&gt;" />
		</Unit>
		<Unit filename="src/include/s9_coding.cpp">
			<Option target="&lt;{~None~}&gt;" />
		</Unit>
		<Unit filename="src/include/s9_coding.h">
			<Option target="&lt;{~None~}&gt;" />
		</Unit>
		<Unit filename="src/include/sample.cpp">
			<Option target="&lt;{~None~}&gt;" />
		</Unit>
		<Unit filename="src/include/test_coding.h">
			<Option target="&lt;{~None~}&gt;" />
		</Unit>
		<Unit filename="src/include/tzp_coding.h">
			<Option target="&lt;{~None~}&gt;" />
		</Unit>
		<Unit filename="src/include/tzp_coding_2.h">
			<Option target="&lt;{~None~}&gt;" />
		</Unit>
		<Unit filename="src/include/unpack.cpp">
			<Option target="&lt;{~None~}&gt;" />
		</Unit>
		<Unit filename="src/include/unpack.h">
			<Option target="&lt;{~None~}&gt;" />
		</Unit>
		<Unit filename="src/include/unpack_2.h">
			<Option target="&lt;{~None~}&gt;" />
		</Unit>
		<Unit filename="src/include/vbyte_coding.h">
			<Option target="&lt;{~None~}&gt;" />
		</Unit>
		<Unit filename="test.cpp" />
		<Extensions />
	</Project>
</CodeBlocks_project_file>
